
Microsoft Visual Studio Solution File, Format Version 12.00
# Visual Studio Version 16
VisualStudioVersion = 16.0.30523.141
MinimumVisualStudioVersion = 10.0.40219.1
Project("{8BC9CEB8-8B4A-11D0-8D11-00A0C91BC942}") = "lab10.1.c", "lab10.1.c\lab10.1.c.vcxproj", "{8D796C18-D818-4088-BC6F-479C9357A282}"
EndProject
Global
	GlobalSection(SolutionConfigurationPlatforms) = preSolution
		Debug|x64 = Debug|x64
		Debug|x86 = Debug|x86
		Release|x64 = Release|x64
		Release|x86 = Release|x86
	EndGlobalSection
	GlobalSection(ProjectConfigurationPlatforms) = postSolution
		{8D796C18-D818-4088-BC6F-479C9357A282}.Debug|x64.ActiveCfg = Debug|x64
		{8D796C18-D818-4088-BC6F-479C9357A282}.Debug|x64.Build.0 = Debug|x64
		{8D796C18-D818-4088-BC6F-479C9357A282}.Debug|x86.ActiveCfg = Debug|Win32
		{8D796C18-D818-4088-BC6F-479C9357A282}.Debug|x86.Build.0 = Debug|Win32
		{8D796C18-D818-4088-BC6F-479C9357A282}.Release|x64.ActiveCfg = Release|x64
		{8D796C18-D818-4088-BC6F-479C9357A282}.Release|x64.Build.0 = Release|x64
		{8D796C18-D818-4088-BC6F-479C9357A282}.Release|x86.ActiveCfg = Release|Win32
		{8D796C18-D818-4088-BC6F-479C9357A282}.Release|x86.Build.0 = Release|Win32
	EndGlobalSection
	GlobalSection(SolutionProperties) = preSolution
		HideSolutionNode = FALSE
	EndGlobalSection
	GlobalSection(ExtensibilityGlobals) = postSolution
		SolutionGuid = {7B42C7F4-757B-4E03-8F9C-29286D40B1C2}
	EndGlobalSection
EndGlobal
